#MicroXplorer Configuration settings - do not modify
Mcu.Family=STM32L4
RCC.MSI_VALUE=4000000
ProjectManager.MainLocation=Core/Src
USB_HOST.IPParameters=VirtualModeFS,USBH_HandleTypeDef
RCC.PLLQoutputFreq_Value=40000000
RCC.USART1Freq_Value=40000000
ProjectManager.ProjectFileName=UsbHost.ioc
RCC.SAI1Freq_Value=13714285.714285715
USART2.IPParameters=VirtualMode-Asynchronous,BaudRate
RCC.CortexFreq_Value=40000000
PG6.Signal=GPIO_Output
ProjectManager.KeepUserCode=true
Mcu.UserName=STM32L476ZGTx
Mcu.PinsNb=8
ProjectManager.NoMain=false
PG6.Locked=true
VP_IWDG_VS_IWDG.Mode=IWDG_Activate
RCC.PLLSAI1RoutputFreq_Value=48000000
RCC.SWPMI1Freq_Value=40000000
ProjectManager.functionlistsort=1-MX_GPIO_Init-GPIO-false-HAL-true,2-SystemClock_Config-RCC-false-HAL-false,3-MX_USART2_UART_Init-USART2-false-HAL-true,4-MX_USB_HOST_Init-USB_HOST-false-HAL-false,5-MX_IWDG_Init-IWDG-false-HAL-true
USB_HOST0.BSP.solution=PG6
USB_HOST.BSP.number=1
USB_HOST0.BSP.condition=
PA11.Mode=Host_Only
ProjectManager.DefaultFWLocation=true
VP_USB_HOST_VS_USB_HOST_HID_FS.Signal=USB_HOST_VS_USB_HOST_HID_FS
RCC.USART2Freq_Value=40000000
ProjectManager.DeletePrevious=true
RCC.VCOSAI2OutputFreq_Value=32000000
VP_USB_HOST_VS_USB_HOST_HID_FS.Mode=HID_FS
NVIC.USART2_IRQn=true\:0\:0\:false\:false\:true\:true\:true
USART2.BaudRate=921600
PinOutPanel.RotationAngle=0
RCC.FamilyName=M
RCC.SYSCLKSource=RCC_SYSCLKSOURCE_PLLCLK
RCC.MCO1PinFreq_Value=40000000
ProjectManager.StackSize=0x400
USB_HOST0.BSP.semaphore=
USB_HOST0.BSP.STBoard=false
RCC.I2C3Freq_Value=40000000
RCC.LPTIM1Freq_Value=40000000
PA3.Mode=Asynchronous
Mcu.IP4=USART2
RCC.FCLKCortexFreq_Value=40000000
Mcu.IP5=USB_HOST
NVIC.SVCall_IRQn=true\:0\:0\:false\:false\:true\:false\:false
Mcu.IP2=RCC
Mcu.IP3=SYS
Mcu.IP0=IWDG
Mcu.IP1=NVIC
PA12.Signal=USB_OTG_FS_DP
Mcu.UserConstants=
RCC.VCOSAI1OutputFreq_Value=96000000
ProjectManager.TargetToolchain=STM32CubeIDE
RCC.SDMMCFreq_Value=48000000
Mcu.ThirdPartyNb=0
RCC.HCLKFreq_Value=40000000
Mcu.IPNb=7
ProjectManager.PreviousToolchain=
RCC.APB2TimFreq_Value=40000000
USB_HOST0.BSP.component=
Mcu.Pin6=VP_SYS_VS_Systick
RCC.SAI2Freq_Value=13714285.714285715
Mcu.Pin7=VP_USB_HOST_VS_USB_HOST_HID_FS
ProjectManager.RegisterCallBack=
RCC.USBFreq_Value=48000000
USB_HOST0.BSP.ip=GPIO
RCC.LSE_VALUE=32768
RCC.AHBFreq_Value=40000000
RCC.PLLSAI1PoutputFreq_Value=13714285.714285715
Mcu.Pin0=PA2
Mcu.Pin1=PA3
Mcu.Pin2=PG6
Mcu.Pin3=PA11
RCC.USART3Freq_Value=40000000
Mcu.Pin4=PA12
Mcu.Pin5=VP_IWDG_VS_IWDG
RCC.PLLSAI2RoutputFreq_Value=16000000
ProjectManager.ProjectBuild=false
RCC.HSE_VALUE=8000000
NVIC.UsageFault_IRQn=true\:0\:0\:false\:false\:true\:false\:false
NVIC.DebugMonitor_IRQn=true\:0\:0\:false\:false\:true\:false\:false
USB_OTG_FS.phy_itface=HCD_PHY_EMBEDDED
board=custom
USART2.VirtualMode-Asynchronous=VM_ASYNC
RCC.VCOOutputFreq_Value=80000000
NVIC.SysTick_IRQn=true\:0\:0\:false\:false\:true\:false\:true
ProjectManager.LastFirmware=true
USB_HOST.VirtualModeFS=Hid
ProjectManager.FirmwarePackage=STM32Cube FW_L4 V1.17.0
MxDb.Version=DB.6.0.21
RCC.APB2Freq_Value=40000000
USB_HOST0.BSP.api=Unknown
RCC.UART4Freq_Value=40000000
ProjectManager.BackupPrevious=false
MxCube.Version=6.2.1
RCC.VCOInputFreq_Value=4000000
RCC.I2C1Freq_Value=40000000
RCC.RNGFreq_Value=48000000
RCC.PLLSAI1QoutputFreq_Value=48000000
RCC.ADCFreq_Value=48000000
File.Version=6
VP_SYS_VS_Systick.Mode=SysTick
NVIC.NonMaskableInt_IRQn=true\:0\:0\:false\:false\:true\:false\:false
RCC.PLLRCLKFreq_Value=40000000
NVIC.PendSV_IRQn=true\:0\:0\:false\:false\:true\:false\:false
RCC.UART5Freq_Value=40000000
ProjectManager.FreePins=false
RCC.IPParameters=ADCFreq_Value,AHBFreq_Value,APB1Freq_Value,APB1TimFreq_Value,APB2Freq_Value,APB2TimFreq_Value,CortexFreq_Value,DFSDMFreq_Value,FCLKCortexFreq_Value,FamilyName,HCLKFreq_Value,HSE_VALUE,HSI_VALUE,I2C1Freq_Value,I2C2Freq_Value,I2C3Freq_Value,LPTIM1Freq_Value,LPTIM2Freq_Value,LPUART1Freq_Value,LSCOPinFreq_Value,LSE_VALUE,LSI_VALUE,MCO1PinFreq_Value,MSI_VALUE,PLLN,PLLPoutputFreq_Value,PLLQoutputFreq_Value,PLLRCLKFreq_Value,PLLSAI1N,PLLSAI1PoutputFreq_Value,PLLSAI1QoutputFreq_Value,PLLSAI1RoutputFreq_Value,PLLSAI2PoutputFreq_Value,PLLSAI2RoutputFreq_Value,PWRFreq_Value,RNGFreq_Value,SAI1Freq_Value,SAI2Freq_Value,SDMMCFreq_Value,SWPMI1Freq_Value,SYSCLKFreq_VALUE,SYSCLKSource,UART4Freq_Value,UART5Freq_Value,USART1Freq_Value,USART2Freq_Value,USART3Freq_Value,USBFreq_Value,VCOInputFreq_Value,VCOOutputFreq_Value,VCOSAI1OutputFreq_Value,VCOSAI2OutputFreq_Value
USB_HOST0.BSP.i2creg=
IWDG.IPParameters=Prescaler,Window,Reload
ProjectManager.AskForMigrate=true
Mcu.Name=STM32L476Z(E-G)Tx
RCC.LPTIM2Freq_Value=40000000
ProjectManager.HalAssertFull=false
PA2.Signal=USART2_TX
ProjectManager.ProjectName=UsbHost
ProjectManager.UnderRoot=true
Mcu.IP6=USB_OTG_FS
ProjectManager.CoupleFile=false
USB_HOST0.BSP.i2caddr=0
RCC.SYSCLKFreq_VALUE=40000000
Mcu.Package=LQFP144
PA12.Mode=Host_Only
NVIC.ForceEnableDMAVector=true
RCC.PLLSAI2PoutputFreq_Value=4571428.571428572
KeepUserPlacement=false
NVIC.MemoryManagement_IRQn=true\:0\:0\:false\:false\:true\:false\:false
NVIC.OTG_FS_IRQn=true\:0\:0\:false\:false\:true\:true\:true
ProjectManager.CompilerOptimize=6
ProjectManager.ToolChainLocation=
RCC.LSI_VALUE=32000
VP_SYS_VS_Systick.Signal=SYS_VS_Systick
PA11.Signal=USB_OTG_FS_DM
IWDG.Reload=3999
VP_IWDG_VS_IWDG.Signal=IWDG_VS_IWDG
RCC.LSCOPinFreq_Value=32000
USB_OTG_FS.VirtualMode=Host_Only
ProjectManager.HeapSize=0x200
NVIC.HardFault_IRQn=true\:0\:0\:false\:false\:true\:false\:false
RCC.DFSDMFreq_Value=40000000
ProjectManager.ComputerToolchain=false
RCC.HSI_VALUE=16000000
USB_HOST.USBH_HandleTypeDef=hUsbHostFS
NVIC.PriorityGroup=NVIC_PRIORITYGROUP_4
USB_HOST0.BSP.name=Drive_VBUS_FS
RCC.PLLPoutputFreq_Value=11428571.42857143
RCC.PLLN=20
IWDG.Prescaler=IWDG_PRESCALER_32
RCC.APB1TimFreq_Value=40000000
PA2.Mode=Asynchronous
NVIC.BusFault_IRQn=true\:0\:0\:false\:false\:true\:false\:false
RCC.PWRFreq_Value=40000000
RCC.LPUART1Freq_Value=40000000
USB_OTG_FS.IPParameters=VirtualMode,phy_itface
RCC.I2C2Freq_Value=40000000
RCC.APB1Freq_Value=40000000
IWDG.Window=3999
USB_HOST0.BSP.mode=Output
ProjectManager.CustomerFirmwarePackage=
ProjectManager.DeviceId=STM32L476ZGTx
ProjectManager.LibraryCopy=1
RCC.PLLSAI1N=24
PA3.Signal=USART2_RX
USB_HOST0.BSP.instance=PG6
isbadioc=false
